// !$*UTF8*$!
{
	archiveVersion = 1;
	classes = {
	};
	objectVersion = 50;
	objects = {

/* Begin PBXBuildFile section */
		2251372D24849B33002C523E /* AppDelegate.swift in Sources */ = {isa = PBXBuildFile; fileRef = 2251372C24849B33002C523E /* AppDelegate.swift */; };
		2251372F24849B33002C523E /* SceneDelegate.swift in Sources */ = {isa = PBXBuildFile; fileRef = 2251372E24849B33002C523E /* SceneDelegate.swift */; };
		2251373124849B33002C523E /* ViewController.swift in Sources */ = {isa = PBXBuildFile; fileRef = 2251373024849B33002C523E /* ViewController.swift */; };
		2251373424849B33002C523E /* Main.storyboard in Resources */ = {isa = PBXBuildFile; fileRef = 2251373224849B33002C523E /* Main.storyboard */; };
		2251373724849B33002C523E /* Mobile_Banking.xcdatamodeld in Sources */ = {isa = PBXBuildFile; fileRef = 2251373524849B33002C523E /* Mobile_Banking.xcdatamodeld */; };
		2251373924849B38002C523E /* Assets.xcassets in Resources */ = {isa = PBXBuildFile; fileRef = 2251373824849B38002C523E /* Assets.xcassets */; };
		2251373C24849B38002C523E /* LaunchScreen.storyboard in Resources */ = {isa = PBXBuildFile; fileRef = 2251373A24849B38002C523E /* LaunchScreen.storyboard */; };
/* End PBXBuildFile section */

/* Begin PBXFileReference section */
		2251372924849B33002C523E /* Mobile Banking.app */ = {isa = PBXFileReference; explicitFileType = wrapper.application; includeInIndex = 0; path = "Mobile Banking.app"; sourceTree = BUILT_PRODUCTS_DIR; };
		2251372C24849B33002C523E /* AppDelegate.swift */ = {isa = PBXFileReference; lastKnownFileType = sourcecode.swift; path = AppDelegate.swift; sourceTree = "<group>"; };
		2251372E24849B33002C523E /* SceneDelegate.swift */ = {isa = PBXFileReference; lastKnownFileType = sourcecode.swift; path = SceneDelegate.swift; sourceTree = "<group>"; };
		2251373024849B33002C523E /* ViewController.swift */ = {isa = PBXFileReference; lastKnownFileType = sourcecode.swift; path = ViewController.swift; sourceTree = "<group>"; };
		2251373324849B33002C523E /* Base */ = {isa = PBXFileReference; lastKnownFileType = file.storyboard; name = Base; path = Base.lproj/Main.storyboard; sourceTree = "<group>"; };
		2251373624849B33002C523E /* Mobile_Banking.xcdatamodel */ = {isa = PBXFileReference; lastKnownFileType = wrapper.xcdatamodel; path = Mobile_Banking.xcdatamodel; sourceTree = "<group>"; };
		2251373824849B38002C523E /* Assets.xcassets */ = {isa = PBXFileReference; lastKnownFileType = folder.assetcatalog; path = Assets.xcassets; sourceTree = "<group>"; };
		2251373B24849B38002C523E /* Base */ = {isa = PBXFileReference; lastKnownFileType = file.storyboard; name = Base; path = Base.lproj/LaunchScreen.storyboard; sourceTree = "<group>"; };
		2251373D24849B38002C523E /* Info.plist */ = {isa = PBXFileReference; lastKnownFileType = text.plist.xml; path = Info.plist; sourceTree = "<group>"; };
/* End PBXFileReference section */

/* Begin PBXFrameworksBuildPhase section */
		2251372624849B33002C523E /* Frameworks */ = {
			isa = PBXFrameworksBuildPhase;
			buildActionMask = 2147483647;
			files = (
			);
			runOnlyForDeploymentPostprocessing = 0;
		};
/* End PBXFrameworksBuildPhase section */

/* Begin PBXGroup section */
		2251372024849B33002C523E = {
			isa = PBXGroup;
			children = (
				2251372B24849B33002C523E /* Mobile Banking */,
				2251372A24849B33002C523E /* Products */,
			);
			sourceTree = "<group>";
		};
		2251372A24849B33002C523E /* Products */ = {
			isa = PBXGroup;
			children = (
				2251372924849B33002C523E /* Mobile Banking.app */,
			);
			name = Products;
			sourceTree = "<group>";
		};
		2251372B24849B33002C523E /* Mobile Banking */ = {
			isa = PBXGroup;
			children = (
				2251372C24849B33002C523E /* AppDelegate.swift */,
				2251372E24849B33002C523E /* SceneDelegate.swift */,
				2251373024849B33002C523E /* ViewController.swift */,
				2251373224849B33002C523E /* Main.storyboard */,
				2251373824849B38002C523E /* Assets.xcassets */,
				2251373A24849B38002C523E /* LaunchScreen.storyboard */,
				2251373D24849B38002C523E /* Info.plist */,
				2251373524849B33002C523E /* Mobile_Banking.xcdatamodeld */,
			);
			path = "Mobile Banking";
			sourceTree = "<group>";
		};
/* End PBXGroup section */

/* Begin PBXNativeTarget section */
		2251372824849B33002C523E /* Mobile Banking */ = {
			isa = PBXNativeTarget;
			buildConfigurationList = 2251374024849B38002C523E /* Build configuration list for PBXNativeTarget "Mobile Banking" */;
			buildPhases = (
				2251372524849B33002C523E /* Sources */,
				2251372624849B33002C523E /* Frameworks */,
				2251372724849B33002C523E /* Resources */,
			);
			buildRules = (
			);
			dependencies = (
			);
			name = "Mobile Banking";
			productName = "Mobile Banking";
			productReference = 2251372924849B33002C523E /* Mobile Banking.app */;
			productType = "com.apple.product-type.application";
		};
/* End PBXNativeTarget section */

/* Begin PBXProject section */
		2251372124849B33002C523E /* Project object */ = {
			isa = PBXProject;
			attributes = {
				LastSwiftUpdateCheck = 1140;
				LastUpgradeCheck = 1140;
				ORGANIZATIONNAME = "Shanjinur Islam";
				TargetAttributes = {
					2251372824849B33002C523E = {
						CreatedOnToolsVersion = 11.4.1;
					};
				};
			};
			buildConfigurationList = 2251372424849B33002C523E /* Build configuration list for PBXProject "Mobile Banking" */;
			compatibilityVersion = "Xcode 9.3";
			developmentRegion = en;
			hasScannedForEncodings = 0;
			knownRegions = (
				en,
				Base,
			);
			mainGroup = 2251372024849B33002C523E;
			productRefGroup = 2251372A24849B33002C523E /* Products */;
			projectDirPath = "";
			projectRoot = "";
			targets = (
				2251372824849B33002C523E /* Mobile Banking */,
			);
		};
/* End PBXProject section */

/* Begin PBXResourcesBuildPhase section */
		2251372724849B33002C523E /* Resources */ = {
			isa = PBXResourcesBuildPhase;
			buildActionMask = 2147483647;
			files = (
				2251373C24849B38002C523E /* LaunchScreen.storyboard in Resources */,
				2251373924849B38002C523E /* Assets.xcassets in Resources */,
				2251373424849B33002C523E /* Main.storyboard in Resources */,
			);
			runOnlyForDeploymentPostprocessing = 0;
		};
/* End PBXResourcesBuildPhase section */

/* Begin PBXSourcesBuildPhase section */
		2251372524849B33002C523E /* Sources */ = {
			isa = PBXSourcesBuildPhase;
			buildActionMask = 2147483647;
			files = (
				2251373724849B33002C523E /* Mobile_Banking.xcdatamodeld in Sources */,
				2251373124849B33002C523E /* ViewController.swift in Sources */,
				2251372D24849B33002C523E /* AppDelegate.swift in Sources */,
				2251372F24849B33002C523E /* SceneDelegate.swift in Sources */,
			);
			runOnlyForDeploymentPostprocessing = 0;
		};
/* End PBXSourcesBuildPhase section */

/* Begin PBXVariantGroup section */
		2251373224849B33002C523E /* Main.storyboard */ = {
			isa = PBXVariantGroup;
			children = (
				2251373324849B33002C523E /* Base */,
			);
			name = Main.storyboard;
			sourceTree = "<group>";
		};
		2251373A24849B38002C523E /* LaunchScreen.storyboard */ = {
			isa = PBXVariantGroup;
			children = (
				2251373B24849B38002C523E /* Base */,
			);
			name = LaunchScreen.storyboard;
			sourceTree = "<group>";
		};
/* End PBXVariantGroup section */

/* Begin XCBuildConfiguration section */
		2251373E24849B38002C523E /* Debug */ = {
			isa = XCBuildConfiguration;
			buildSettings = {
				ALWAYS_SEARCH_USER_PATHS = NO;
				CLANG_ANALYZER_NONNULL = YES;
				CLANG_ANALYZER_NUMBER_OBJECT_CONVERSION = YES_AGGRESSIVE;
				CLANG_CXX_LANGUAGE_STANDARD = "gnu++14";
				CLANG_CXX_LIBRARY = "libc++";
				CLANG_ENABLE_MODULES = YES;
				CLANG_ENABLE_OBJC_ARC = YES;
				CLANG_ENABLE_OBJC_WEAK = YES;
				CLANG_WARN_BLOCK_CAPTURE_AUTORELEASING = YES;
				CLANG_WARN_BOOL_CONVERSION = YES;
				CLANG_WARN_COMMA = YES;
				CLANG_WARN_CONSTANT_CONVERSION = YES;
				CLANG_WARN_DEPRECATED_OBJC_IMPLEMENTATIONS = YES;
				CLANG_WARN_DIRECT_OBJC_ISA_USAGE = YES_ERROR;
				CLANG_WARN_DOCUMENTATION_COMMENTS = YES;
				CLANG_WARN_EMPTY_BODY = YES;
				CLANG_WARN_ENUM_CONVERSION = YES;
				CLANG_WARN_INFINITE_RECURSION = YES;
				CLANG_WARN_INT_CONVERSION = YES;
				CLANG_WARN_NON_LITERAL_NULL_CONVERSION = YES;
				CLANG_WARN_OBJC_IMPLICIT_RETAIN_SELF = YES;
				CLANG_WARN_OBJC_LITERAL_CONVERSION = YES;
				CLANG_WARN_OBJC_ROOT_CLASS = YES_ERROR;
				CLANG_WARN_RANGE_LOOP_ANALYSIS = YES;
				CLANG_WARN_STRICT_PROTOTYPES = YES;
				CLANG_WARN_SUSPICIOUS_MOVE = YES;
				CLANG_WARN_UNGUARDED_AVAILABILITY = YES_AGGRESSIVE;
				CLANG_WARN_UNREACHABLE_CODE = YES;
				CLANG_WARN__DUPLICATE_METHOD_MATCH = YES;
				COPY_PHASE_STRIP = NO;
				DEBUG_INFORMATION_FORMAT = dwarf;
				ENABLE_STRICT_OBJC_MSGSEND = YES;
				ENABLE_TESTABILITY = YES;
				GCC_C_LANGUAGE_STANDARD = gnu11;
				GCC_DYNAMIC_NO_PIC = NO;
				GCC_NO_COMMON_BLOCKS = YES;
				GCC_OPTIMIZATION_LEVEL = 0;
				GCC_PREPROCESSOR_DEFINITIONS = (
					"DEBUG=1",
					"$(inherited)",
				);
				GCC_WARN_64_TO_32_BIT_CONVERSION = YES;
				GCC_WARN_ABOUT_RETURN_TYPE = YES_ERROR;
				GCC_WARN_UNDECLARED_SELECTOR = YES;
				GCC_WARN_UNINITIALIZED_AUTOS = YES_AGGRESSIVE;
				GCC_WARN_UNUSED_FUNCTION = YES;
				GCC_WARN_UNUSED_VARIABLE = YES;
				IPHONEOS_DEPLOYMENT_TARGET = 13.4;
				MTL_ENABLE_DEBUG_INFO = INCLUDE_SOURCE;
				MTL_FAST_MATH = YES;
				ONLY_ACTIVE_ARCH = YES;
				SDKROOT = iphoneos;
				SWIFT_ACTIVE_COMPILATION_CONDITIONS = DEBUG;
				SWIFT_OPTIMIZATION_LEVEL = "-Onone";
			};
			name = Debug;
		};
		2251373F24849B38002C523E /* Release */ = {
			isa = XCBuildConfiguration;
			buildSettings = {
				ALWAYS_SEARCH_USER_PATHS = NO;
				CLANG_ANALYZER_NONNULL = YES;
				CLANG_ANALYZER_NUMBER_OBJECT_CONVERSION = YES_AGGRESSIVE;
				CLANG_CXX_LANGUAGE_STANDARD = "gnu++14";
				CLANG_CXX_LIBRARY = "libc++";
				CLANG_ENABLE_MODULES = YES;
				CLANG_ENABLE_OBJC_ARC = YES;
				CLANG_ENABLE_OBJC_WEAK = YES;
				CLANG_WARN_BLOCK_CAPTURE_AUTORELEASING = YES;
				CLANG_WARN_BOOL_CONVERSION = YES;
				CLANG_WARN_COMMA = YES;
				CLANG_WARN_CONSTANT_CONVERSION = YES;
				CLANG_WARN_DEPRECATED_OBJC_IMPLEMENTATIONS = YES;
				CLANG_WARN_DIRECT_OBJC_ISA_USAGE = YES_ERROR;
				CLANG_WARN_DOCUMENTATION_COMMENTS = YES;
				CLANG_WARN_EMPTY_BODY = YES;
				CLANG_WARN_ENUM_CONVERSION = YES;
				CLANG_WARN_INFINITE_RECURSION = YES;
				CLANG_WARN_INT_CONVERSION = YES;
				CLANG_WARN_NON_LITERAL_NULL_CONVERSION = YES;
				CLANG_WARN_OBJC_IMPLICIT_RETAIN_SELF = YES;
				CLANG_WARN_OBJC_LITERAL_CONVERSION = YES;
				CLANG_WARN_OBJC_ROOT_CLASS = YES_ERROR;
				CLANG_WARN_RANGE_LOOP_ANALYSIS = YES;
				CLANG_WARN_STRICT_PROTOTYPES = YES;
				CLANG_WARN_SUSPICIOUS_MOVE = YES;
				CLANG_WARN_UNGUARDED_AVAILABILITY = YES_AGGRESSIVE;
				CLANG_WARN_UNREACHABLE_CODE = YES;
				CLANG_WARN__DUPLICATE_METHOD_MATCH = YES;
				COPY_PHASE_STRIP = NO;
				DEBUG_INFORMATION_FORMAT = "dwarf-with-dsym";
				ENABLE_NS_ASSERTIONS = NO;
				ENABLE_STRICT_OBJC_MSGSEND = YES;
				GCC_C_LANGUAGE_STANDARD = gnu11;
				GCC_NO_COMMON_BLOCKS = YES;
				GCC_WARN_64_TO_32_BIT_CONVERSION = YES;
				GCC_WARN_ABOUT_RETURN_TYPE = YES_ERROR;
				GCC_WARN_UNDECLARED_SELECTOR = YES;
				GCC_WARN_UNINITIALIZED_AUTOS = YES_AGGRESSIVE;
				GCC_WARN_UNUSED_FUNCTION = YES;
				GCC_WARN_UNUSED_VARIABLE = YES;
				IPHONEOS_DEPLOYMENT_TARGET = 13.4;
				MTL_ENABLE_DEBUG_INFO = NO;
				MTL_FAST_MATH = YES;
				SDKROOT = iphoneos;
				SWIFT_COMPILATION_MODE = wholemodule;
				SWIFT_OPTIMIZATION_LEVEL = "-O";
				VALIDATE_PRODUCT = YES;
			};
			name = Release;
		};
		2251374124849B38002C523E /* Debug */ = {
			isa = XCBuildConfiguration;
			buildSettings = {
				ASSETCATALOG_COMPILER_APPICON_NAME = AppIcon;
				CODE_SIGN_STYLE = Automatic;
				DEVELOPMENT_TEAM = 95TGYLRZP6;
				INFOPLIST_FILE = "Mobile Banking/Info.plist";
				LD_RUNPATH_SEARCH_PATHS = (
					"$(inherited)",
					"@executable_path/Frameworks",
				);
				PRODUCT_BUNDLE_IDENTIFIER = "com.shanjinur.Mobile-Banking";
				PRODUCT_NAME = "$(TARGET_NAME)";
				SWIFT_VERSION = 5.0;
				TARGETED_DEVICE_FAMILY = "1,2";
			};
			name = Debug;
		};
		2251374224849B38002C523E /* Release */ = {
			isa = XCBuildConfiguration;
			buildSettings = {
				ASSETCATALOG_COMPILER_APPICON_NAME = AppIcon;
				CODE_SIGN_STYLE = Automatic;
				DEVELOPMENT_TEAM = 95TGYLRZP6;
				INFOPLIST_FILE = "Mobile Banking/Info.plist";
				LD_RUNPATH_SEARCH_PATHS = (
					"$(inherited)",
					"@executable_path/Frameworks",
				);
				PRODUCT_BUNDLE_IDENTIFIER = "com.shanjinur.Mobile-Banking";
				PRODUCT_NAME = "$(TARGET_NAME)";
				SWIFT_VERSION = 5.0;
				TARGETED_DEVICE_FAMILY = "1,2";
			};
			name = Release;
		};
/* End XCBuildConfiguration section */

/* Begin XCConfigurationList section */
		2251372424849B33002C523E /* Build configuration list for PBXProject "Mobile Banking" */ = {
			isa = XCConfigurationList;
			buildConfigurations = (
				2251373E24849B38002C523E /* Debug */,
				2251373F24849B38002C523E /* Release */,
			);
			defaultConfigurationIsVisible = 0;
			defaultConfigurationName = Release;
		};
		2251374024849B38002C523E /* Build configuration list for PBXNativeTarget "Mobile Banking" */ = {
			isa = XCConfigurationList;
			buildConfigurations = (
				2251374124849B38002C523E /* Debug */,
				2251374224849B38002C523E /* Release */,
			);
			defaultConfigurationIsVisible = 0;
			defaultConfigurationName = Release;
		};
/* End XCConfigurationList section */

/* Begin XCVersionGroup section */
		2251373524849B33002C523E /* Mobile_Banking.xcdatamodeld */ = {
			isa = XCVersionGroup;
			children = (
				2251373624849B33002C523E /* Mobile_Banking.xcdatamodel */,
			);
			currentVersion = 2251373624849B33002C523E /* Mobile_Banking.xcdatamodel */;
			path = Mobile_Banking.xcdatamodeld;
			sourceTree = "<group>";
			versionGroupType = wrapper.xcdatamodel;
		};
/* End XCVersionGroup section */
	};
	rootObject = 2251372124849B33002C523E /* Project object */;
}
